
Microsoft Visual Studio Solution File, Format Version 12.00
# Visual Studio Version 16
VisualStudioVersion = 16.0.30523.141
MinimumVisualStudioVersion = 10.0.40219.1
Project("{FAE04EC0-301F-11D3-BF4B-00C04F79EFBC}") = "CrudWithReactAspNetCore", "CrudWithReactAspNetCore.csproj", "{722F1651-C6AC-4BF0-8DAF-87DC7D5B15CE}"
EndProject
Global
	GlobalSection(SolutionConfigurationPlatforms) = preSolution
		Debug|Any CPU = Debug|Any CPU
		Release|Any CPU = Release|Any CPU
	EndGlobalSection
	GlobalSection(ProjectConfigurationPlatforms) = postSolution
		{722F1651-C6AC-4BF0-8DAF-87DC7D5B15CE}.Debug|Any CPU.ActiveCfg = Debug|Any CPU
		{722F1651-C6AC-4BF0-8DAF-87DC7D5B15CE}.Debug|Any CPU.Build.0 = Debug|Any CPU
		{722F1651-C6AC-4BF0-8DAF-87DC7D5B15CE}.Release|Any CPU.ActiveCfg = Release|Any CPU
		{722F1651-C6AC-4BF0-8DAF-87DC7D5B15CE}.Release|Any CPU.Build.0 = Release|Any CPU
	EndGlobalSection
	GlobalSection(SolutionProperties) = preSolution
		HideSolutionNode = FALSE
	EndGlobalSection
	GlobalSection(ExtensibilityGlobals) = postSolution
		SolutionGuid = {016E9035-28B4-460E-99B7-1A3E4E7F3547}
	EndGlobalSection
EndGlobal
